Microsoft Visual Studio Solution File, Format Version 12.00
# Visual Studio Version 16
VisualStudioVersion = 16.0.30204.135
MinimumVisualStudioVersion = 10.0.40219.1
Project("{9A19103F-16F7-4668-BE54-9A1E7A4F7556}") = "TechJobsOO", "TechJobsOO\TechJobsOO.csproj", "{C76D48E1-4C5C-4DB4-89A2-DBACCF4CBE4F}"
EndProject
Project("{FAE04EC0-301F-11D3-BF4B-00C04F79EFBC}") = "TechJobsTests", "TechJobsTests\TechJobsTests.csproj", "{153064CE-3283-4ECE-A98A-14E652DFE47D}"
EndProject
Global
	GlobalSection(SolutionConfigurationPlatforms) = preSolution
		Debug|Any CPU = Debug|Any CPU
		Release|Any CPU = Release|Any CPU
	EndGlobalSection
	GlobalSection(ProjectConfigurationPlatforms) = postSolution
		{C76D48E1-4C5C-4DB4-89A2-DBACCF4CBE4F}.Debug|Any CPU.ActiveCfg = Debug|Any CPU
		{C76D48E1-4C5C-4DB4-89A2-DBACCF4CBE4F}.Debug|Any CPU.Build.0 = Debug|Any CPU
		{C76D48E1-4C5C-4DB4-89A2-DBACCF4CBE4F}.Release|Any CPU.ActiveCfg = Release|Any CPU
		{C76D48E1-4C5C-4DB4-89A2-DBACCF4CBE4F}.Release|Any CPU.Build.0 = Release|Any CPU
		{153064CE-3283-4ECE-A98A-14E652DFE47D}.Debug|Any CPU.ActiveCfg = Debug|Any CPU
		{153064CE-3283-4ECE-A98A-14E652DFE47D}.Debug|Any CPU.Build.0 = Debug|Any CPU
		{153064CE-3283-4ECE-A98A-14E652DFE47D}.Release|Any CPU.ActiveCfg = Release|Any CPU
		{153064CE-3283-4ECE-A98A-14E652DFE47D}.Release|Any CPU.Build.0 = Release|Any CPU
	EndGlobalSection
	GlobalSection(SolutionProperties) = preSolution
		HideSolutionNode = FALSE
	EndGlobalSection
	GlobalSection(ExtensibilityGlobals) = postSolution
		SolutionGuid = {5A4B5FEF-9786-48F9-B375-D8373C99C566}
	EndGlobalSection
EndGlobal
